
Microsoft Visual Studio Solution File, Format Version 12.00
# Visual Studio Version 17
VisualStudioVersion = 17.14.36717.8 d17.14
MinimumVisualStudioVersion = 10.0.40219.1
Project("{FAE04EC0-301F-11D3-BF4B-00C04F79EFBC}") = "Assignment.Api", "Api\Assignment.Api.csproj", "{DBBFBB77-EC9C-4F9D-9E85-F53794049D66}"
EndProject
Global
	GlobalSection(SolutionConfigurationPlatforms) = preSolution
		Debug|Any CPU = Debug|Any CPU
		Release|Any CPU = Release|Any CPU
	EndGlobalSection
	GlobalSection(ProjectConfigurationPlatforms) = postSolution
		{DBBFBB77-EC9C-4F9D-9E85-F53794049D66}.Debug|Any CPU.ActiveCfg = Debug|Any CPU
		{DBBFBB77-EC9C-4F9D-9E85-F53794049D66}.Debug|Any CPU.Build.0 = Debug|Any CPU
		{DBBFBB77-EC9C-4F9D-9E85-F53794049D66}.Release|Any CPU.ActiveCfg = Release|Any CPU
		{DBBFBB77-EC9C-4F9D-9E85-F53794049D66}.Release|Any CPU.Build.0 = Release|Any CPU
	EndGlobalSection
	GlobalSection(SolutionProperties) = preSolution
		HideSolutionNode = FALSE
	EndGlobalSection
	GlobalSection(ExtensibilityGlobals) = postSolution
		SolutionGuid = {99066E21-370B-418C-B406-B7C23C7783F8}
	EndGlobalSection
EndGlobal
